
Microsoft Visual Studio Solution File, Format Version 12.00
# Visual Studio Version 16
VisualStudioVersion = 16.0.33529.622
MinimumVisualStudioVersion = 10.0.40219.1
Project("{FAE04EC0-301F-11D3-BF4B-00C04F79EFBC}") = "WebProiectRobot", "ExempluDB\WebProiectRobot.csproj", "{9DF24C80-71B9-4A5D-817E-0E817C0DD09A}"
EndProject
Project("{FAE04EC0-301F-11D3-BF4B-00C04F79EFBC}") = "ExempluDB", "ExempluDB\ExempluDB.csproj", "{5BCA25B1-CB74-4CB0-B70C-0AF8A70982B4}"
EndProject
Global
	GlobalSection(SolutionConfigurationPlatforms) = preSolution
		Debug|Any CPU = Debug|Any CPU
		Release|Any CPU = Release|Any CPU
	EndGlobalSection
	GlobalSection(ProjectConfigurationPlatforms) = postSolution
		{9DF24C80-71B9-4A5D-817E-0E817C0DD09A}.Debug|Any CPU.ActiveCfg = Debug|Any CPU
		{9DF24C80-71B9-4A5D-817E-0E817C0DD09A}.Debug|Any CPU.Build.0 = Debug|Any CPU
		{9DF24C80-71B9-4A5D-817E-0E817C0DD09A}.Release|Any CPU.ActiveCfg = Release|Any CPU
		{9DF24C80-71B9-4A5D-817E-0E817C0DD09A}.Release|Any CPU.Build.0 = Release|Any CPU
		{5BCA25B1-CB74-4CB0-B70C-0AF8A70982B4}.Debug|Any CPU.ActiveCfg = Debug|Any CPU
		{5BCA25B1-CB74-4CB0-B70C-0AF8A70982B4}.Debug|Any CPU.Build.0 = Debug|Any CPU
		{5BCA25B1-CB74-4CB0-B70C-0AF8A70982B4}.Release|Any CPU.ActiveCfg = Release|Any CPU
		{5BCA25B1-CB74-4CB0-B70C-0AF8A70982B4}.Release|Any CPU.Build.0 = Release|Any CPU
	EndGlobalSection
	GlobalSection(SolutionProperties) = preSolution
		HideSolutionNode = FALSE
	EndGlobalSection
	GlobalSection(ExtensibilityGlobals) = postSolution
		SolutionGuid = {E8B8D655-5CBE-4A34-99E8-76AC3C476250}
	EndGlobalSection
EndGlobal
